
Microsoft Visual Studio Solution File, Format Version 12.00
Project("{FAE04EC0-301F-11D3-BF4B-00C04F79EFBC}") = "Lab3_c_sharp", "Lab3_c_sharp.csproj", "{38E10C46-705A-4FF5-82F4-2DD78290AA10}"
EndProject
Global
	GlobalSection(SolutionConfigurationPlatforms) = preSolution
		Debug|Any CPU = Debug|Any CPU
		Release|Any CPU = Release|Any CPU
	EndGlobalSection
	GlobalSection(ProjectConfigurationPlatforms) = postSolution
		{38E10C46-705A-4FF5-82F4-2DD78290AA10}.Debug|Any CPU.ActiveCfg = Debug|Any CPU
		{38E10C46-705A-4FF5-82F4-2DD78290AA10}.Debug|Any CPU.Build.0 = Debug|Any CPU
		{38E10C46-705A-4FF5-82F4-2DD78290AA10}.Release|Any CPU.ActiveCfg = Release|Any CPU
		{38E10C46-705A-4FF5-82F4-2DD78290AA10}.Release|Any CPU.Build.0 = Release|Any CPU
	EndGlobalSection
EndGlobal
